
Microsoft Visual Studio Solution File, Format Version 12.00
# Visual Studio Version 16
VisualStudioVersion = 16.0.30320.27
MinimumVisualStudioVersion = 10.0.40219.1
Project("{FAE04EC0-301F-11D3-BF4B-00C04F79EFBC}") = "Efcore", "Efcore.csproj", "{CD74D1F0-B732-407D-9FFE-F70429DD9BE6}"
EndProject
Global
	GlobalSection(SolutionConfigurationPlatforms) = preSolution
		Debug|Any CPU = Debug|Any CPU
		Release|Any CPU = Release|Any CPU
	EndGlobalSection
	GlobalSection(ProjectConfigurationPlatforms) = postSolution
		{CD74D1F0-B732-407D-9FFE-F70429DD9BE6}.Debug|Any CPU.ActiveCfg = Debug|Any CPU
		{CD74D1F0-B732-407D-9FFE-F70429DD9BE6}.Debug|Any CPU.Build.0 = Debug|Any CPU
		{CD74D1F0-B732-407D-9FFE-F70429DD9BE6}.Release|Any CPU.ActiveCfg = Release|Any CPU
		{CD74D1F0-B732-407D-9FFE-F70429DD9BE6}.Release|Any CPU.Build.0 = Release|Any CPU
	EndGlobalSection
	GlobalSection(SolutionProperties) = preSolution
		HideSolutionNode = FALSE
	EndGlobalSection
	GlobalSection(ExtensibilityGlobals) = postSolution
		SolutionGuid = {9E7EA3F0-8CDA-4280-BD46-90ABEB40B52A}
	EndGlobalSection
EndGlobal
